<?xml version="1.0" encoding="utf-8"?>
<Project ToolsVersion="4.0" xmlns="http://schemas.microsoft.com/developer/msbuild/2003">
  <ItemGroup>
    <Filter Include="Source Files">
      <UniqueIdentifier>{4FC737F1-C7A5-4376-A066-2A32D752A2FF}</UniqueIdentifier>
      <Extensions>cpp;c;cc;cxx;c++;cppm;ixx;def;odl;idl;hpj;bat;asm;asmx</Extensions>
    </Filter>
    <Filter Include="Header Files">
      <UniqueIdentifier>{93995380-89BD-4b04-88EB-625FBE52EBFB}</UniqueIdentifier>
      <Extensions>h;hh;hpp;hxx;h++;hm;inl;inc;ipp;xsd</Extensions>
    </Filter>
    <Filter Include="Resource Files">
      <UniqueIdentifier>{67DA6AB6-F800-4c08-8B7A-83BB121AAD01}</UniqueIdentifier>
      <Extensions>rc;ico;cur;bmp;dlg;rc2;rct;bin;rgs;gif;jpg;jpeg;jpe;resx;tiff;tif;png;wav;mfcribbon-ms</Extensions>
    </Filter>
  </ItemGroup>
  <ItemGroup>
    <ClCompile Include="main.cpp">
      <Filter>Source Files</Filter>
    </ClCompile>
    <ClCompile Include="graphics\buffers.cpp">
      <Filter>Source Files</Filter>
    </ClCompile>
    <ClCompile Include="graphics\renderer.cpp">
      <Filter>Source Files</Filter>
    </ClCompile>
    <ClCompile Include="graphics\shader.cpp">
      <Filter>Source Files</Filter>
    </ClCompile>
    <ClCompile Include="graphics\textures.cpp">
      <Filter>Source Files</Filter>
    </ClCompile>
    <ClCompile Include="utilities\camera.cpp">
      <Filter>Source Files</Filter>
    </ClCompile>
    <ClCompile Include="glad.c">
      <Filter>Source Files</Filter>
    </ClCompile>
    <ClCompile Include="graphics\window.cpp">
      <Filter>Source Files</Filter>
    </ClCompile>
    <ClCompile Include="world\chunk.cpp">
      <Filter>Source Files</Filter>
    </ClCompile>
    <ClCompile Include="world\voxel.cpp">
      <Filter>Source Files</Filter>
    </ClCompile>
    <ClCompile Include="world\world.cpp">
      <Filter>Source Files</Filter>
    </ClCompile>
  </ItemGroup>
  <ItemGroup>
    <ClInclude Include="graphics\buffers.h">
      <Filter>Source Files</Filter>
    </ClInclude>
    <ClInclude Include="graphics\renderer.h">
      <Filter>Source Files</Filter>
    </ClInclude>
    <ClInclude Include="graphics\shader.h">
      <Filter>Source Files</Filter>
    </ClInclude>
    <ClInclude Include="graphics\textures.h">
      <Filter>Source Files</Filter>
    </ClInclude>
    <ClInclude Include="utilities\camera.h">
      <Filter>Source Files</Filter>
    </ClInclude>
    <ClInclude Include="graphics\window.h">
      <Filter>Source Files</Filter>
    </ClInclude>
    <ClInclude Include="graphics\stb_image.h">
      <Filter>Source Files</Filter>
    </ClInclude>
    <ClInclude Include="world\voxel.h">
      <Filter>Source Files</Filter>
    </ClInclude>
    <ClInclude Include="world\world.h">
      <Filter>Source Files</Filter>
    </ClInclude>
  </ItemGroup>
  <ItemGroup>
    <None Include="graphics\shader.fs">
      <Filter>Source Files</Filter>
    </None>
    <None Include="graphics\shader.vs">
      <Filter>Source Files</Filter>
    </None>
  </ItemGroup>
  <ItemGroup>
    <Image Include="res\reftex.png">
      <Filter>Source Files</Filter>
    </Image>
    <Image Include="res\grass_bottom.png">
      <Filter>Source Files</Filter>
    </Image>
    <Image Include="res\grass_side.png">
      <Filter>Source Files</Filter>
    </Image>
    <Image Include="res\grass_top.png">
      <Filter>Source Files</Filter>
    </Image>
    <Image Include="res\stone.png">
      <Filter>Source Files</Filter>
    </Image>
  </ItemGroup>
</Project>